
Microsoft Visual Studio Solution File, Format Version 12.00
# Visual Studio 15
VisualStudioVersion = 15.0.27703.2000
MinimumVisualStudioVersion = 10.0.40219.1
Project("{FAE04EC0-301F-11D3-BF4B-00C04F79EFBC}") = "WebEF", "WebEF\WebEF.csproj", "{9245E03F-5A67-46D0-863B-001AEA48AF02}"
EndProject
Global
	GlobalSection(SolutionConfigurationPlatforms) = preSolution
		Debug|Any CPU = Debug|Any CPU
		Release|Any CPU = Release|Any CPU
	EndGlobalSection
	GlobalSection(ProjectConfigurationPlatforms) = postSolution
		{9245E03F-5A67-46D0-863B-001AEA48AF02}.Debug|Any CPU.ActiveCfg = Debug|Any CPU
		{9245E03F-5A67-46D0-863B-001AEA48AF02}.Debug|Any CPU.Build.0 = Debug|Any CPU
		{9245E03F-5A67-46D0-863B-001AEA48AF02}.Release|Any CPU.ActiveCfg = Release|Any CPU
		{9245E03F-5A67-46D0-863B-001AEA48AF02}.Release|Any CPU.Build.0 = Release|Any CPU
	EndGlobalSection
	GlobalSection(SolutionProperties) = preSolution
		HideSolutionNode = FALSE
	EndGlobalSection
	GlobalSection(ExtensibilityGlobals) = postSolution
		SolutionGuid = {BA29CA6C-83F3-4716-8927-16A318FA928B}
	EndGlobalSection
EndGlobal
